
Microsoft Visual Studio Solution File, Format Version 12.00
# Visual Studio 15
VisualStudioVersion = 15.0.27703.2018
MinimumVisualStudioVersion = 10.0.40219.1
Project("{9A19103F-16F7-4668-BE54-9A1E7A4F7556}") = "Sorting", "Sorting\Sorting.csproj", "{B561E927-99B3-4D98-81C5-E1E3D0B087CA}"
EndProject
Project("{9A19103F-16F7-4668-BE54-9A1E7A4F7556}") = "DataStructures", "DataStructures\DataStructures.csproj", "{A81D87E7-AF42-472E-8030-FB6A51133BD7}"
EndProject
Project("{9A19103F-16F7-4668-BE54-9A1E7A4F7556}") = "Training", "Training\Training.csproj", "{35430B1F-CAEB-4570-B901-2DD059F377B9}"
EndProject
Project("{2150E333-8FDC-42A3-9474-1A3956D46DE8}") = "Sortings", "Sortings", "{407637EB-7CAE-4E28-987F-1A486E05BAE5}"
EndProject
Project("{FAE04EC0-301F-11D3-BF4B-00C04F79EFBC}") = "Sorting.Tests", "Sorting.Tests\Sorting.Tests.csproj", "{8F773ED8-2378-4B8F-9DBE-7856D3ECACF9}"
EndProject
Global
	GlobalSection(SolutionConfigurationPlatforms) = preSolution
		Debug|Any CPU = Debug|Any CPU
		Release|Any CPU = Release|Any CPU
	EndGlobalSection
	GlobalSection(ProjectConfigurationPlatforms) = postSolution
		{B561E927-99B3-4D98-81C5-E1E3D0B087CA}.Debug|Any CPU.ActiveCfg = Debug|Any CPU
		{B561E927-99B3-4D98-81C5-E1E3D0B087CA}.Debug|Any CPU.Build.0 = Debug|Any CPU
		{B561E927-99B3-4D98-81C5-E1E3D0B087CA}.Release|Any CPU.ActiveCfg = Release|Any CPU
		{B561E927-99B3-4D98-81C5-E1E3D0B087CA}.Release|Any CPU.Build.0 = Release|Any CPU
		{A81D87E7-AF42-472E-8030-FB6A51133BD7}.Debug|Any CPU.ActiveCfg = Debug|Any CPU
		{A81D87E7-AF42-472E-8030-FB6A51133BD7}.Debug|Any CPU.Build.0 = Debug|Any CPU
		{A81D87E7-AF42-472E-8030-FB6A51133BD7}.Release|Any CPU.ActiveCfg = Release|Any CPU
		{A81D87E7-AF42-472E-8030-FB6A51133BD7}.Release|Any CPU.Build.0 = Release|Any CPU
		{35430B1F-CAEB-4570-B901-2DD059F377B9}.Debug|Any CPU.ActiveCfg = Debug|Any CPU
		{35430B1F-CAEB-4570-B901-2DD059F377B9}.Debug|Any CPU.Build.0 = Debug|Any CPU
		{35430B1F-CAEB-4570-B901-2DD059F377B9}.Release|Any CPU.ActiveCfg = Release|Any CPU
		{35430B1F-CAEB-4570-B901-2DD059F377B9}.Release|Any CPU.Build.0 = Release|Any CPU
		{8F773ED8-2378-4B8F-9DBE-7856D3ECACF9}.Debug|Any CPU.ActiveCfg = Debug|Any CPU
		{8F773ED8-2378-4B8F-9DBE-7856D3ECACF9}.Debug|Any CPU.Build.0 = Debug|Any CPU
		{8F773ED8-2378-4B8F-9DBE-7856D3ECACF9}.Release|Any CPU.ActiveCfg = Release|Any CPU
		{8F773ED8-2378-4B8F-9DBE-7856D3ECACF9}.Release|Any CPU.Build.0 = Release|Any CPU
	EndGlobalSection
	GlobalSection(SolutionProperties) = preSolution
		HideSolutionNode = FALSE
	EndGlobalSection
	GlobalSection(NestedProjects) = preSolution
		{B561E927-99B3-4D98-81C5-E1E3D0B087CA} = {407637EB-7CAE-4E28-987F-1A486E05BAE5}
		{8F773ED8-2378-4B8F-9DBE-7856D3ECACF9} = {407637EB-7CAE-4E28-987F-1A486E05BAE5}
	EndGlobalSection
	GlobalSection(ExtensibilityGlobals) = postSolution
		SolutionGuid = {1DCDA45D-E7A9-4E45-B8D7-394556C5DA93}
	EndGlobalSection
EndGlobal
